
Microsoft Visual Studio Solution File, Format Version 12.00
# Visual Studio Version 17
VisualStudioVersion = 17.6.33829.357
MinimumVisualStudioVersion = 10.0.40219.1
Project("{2150E333-8FDC-42A3-9474-1A3956D46DE8}") = "Core", "Core", "{57701643-9C11-4ACD-A44F-575FBC016FF2}"
EndProject
Project("{2150E333-8FDC-42A3-9474-1A3956D46DE8}") = "Infrastructure", "Infrastructure", "{CFCB13C4-AFF8-4EB4-8F71-EC5105C2380D}"
EndProject
Project("{2150E333-8FDC-42A3-9474-1A3956D46DE8}") = "Test", "Test", "{E085242B-0926-45C1-B0AD-D7C98912F266}"
EndProject
Project("{2150E333-8FDC-42A3-9474-1A3956D46DE8}") = "Client", "Client", "{1F5A6722-ECAE-4D5B-9003-669240049D17}"
EndProject
Project("{9A19103F-16F7-4668-BE54-9A1E7A4F7556}") = "OAS.Domain", "OAS.Domain\OAS.Domain.csproj", "{75374467-1A6B-4CE3-ADBC-BE1433450A8E}"
EndProject
Project("{9A19103F-16F7-4668-BE54-9A1E7A4F7556}") = "OAS.Application", "OAS.Application\OAS.Application.csproj", "{25C63401-90C2-408C-97EF-954D105789F7}"
EndProject
Project("{9A19103F-16F7-4668-BE54-9A1E7A4F7556}") = "OAS.UnitTest", "OAS.UnitTest\OAS.UnitTest.csproj", "{3DCF3133-92DC-4E4D-B41D-FDA14CDA248A}"
EndProject
Project("{9A19103F-16F7-4668-BE54-9A1E7A4F7556}") = "OAS.Persistence", "OAS.Persistence\OAS.Persistence.csproj", "{C478B8E1-BBE7-4D1D-A702-DA37EE56C833}"
EndProject
Project("{9A19103F-16F7-4668-BE54-9A1E7A4F7556}") = "OAS.Utility", "OAS.Utility\OAS.Utility.csproj", "{83D3A670-8E57-48E0-97A3-6FD77B9DE048}"
EndProject
Project("{9A19103F-16F7-4668-BE54-9A1E7A4F7556}") = "OAS.Blazor", "OAS.Blazor\OAS.Blazor.csproj", "{5F5AA3CD-D544-4019-B3CD-DD630ACE25A1}"
EndProject
Global
	GlobalSection(SolutionConfigurationPlatforms) = preSolution
		Debug|Any CPU = Debug|Any CPU
		Release|Any CPU = Release|Any CPU
	EndGlobalSection
	GlobalSection(ProjectConfigurationPlatforms) = postSolution
		{75374467-1A6B-4CE3-ADBC-BE1433450A8E}.Debug|Any CPU.ActiveCfg = Debug|Any CPU
		{75374467-1A6B-4CE3-ADBC-BE1433450A8E}.Debug|Any CPU.Build.0 = Debug|Any CPU
		{75374467-1A6B-4CE3-ADBC-BE1433450A8E}.Release|Any CPU.ActiveCfg = Release|Any CPU
		{75374467-1A6B-4CE3-ADBC-BE1433450A8E}.Release|Any CPU.Build.0 = Release|Any CPU
		{25C63401-90C2-408C-97EF-954D105789F7}.Debug|Any CPU.ActiveCfg = Debug|Any CPU
		{25C63401-90C2-408C-97EF-954D105789F7}.Debug|Any CPU.Build.0 = Debug|Any CPU
		{25C63401-90C2-408C-97EF-954D105789F7}.Release|Any CPU.ActiveCfg = Release|Any CPU
		{25C63401-90C2-408C-97EF-954D105789F7}.Release|Any CPU.Build.0 = Release|Any CPU
		{3DCF3133-92DC-4E4D-B41D-FDA14CDA248A}.Debug|Any CPU.ActiveCfg = Debug|Any CPU
		{3DCF3133-92DC-4E4D-B41D-FDA14CDA248A}.Debug|Any CPU.Build.0 = Debug|Any CPU
		{3DCF3133-92DC-4E4D-B41D-FDA14CDA248A}.Release|Any CPU.ActiveCfg = Release|Any CPU
		{3DCF3133-92DC-4E4D-B41D-FDA14CDA248A}.Release|Any CPU.Build.0 = Release|Any CPU
		{C478B8E1-BBE7-4D1D-A702-DA37EE56C833}.Debug|Any CPU.ActiveCfg = Debug|Any CPU
		{C478B8E1-BBE7-4D1D-A702-DA37EE56C833}.Debug|Any CPU.Build.0 = Debug|Any CPU
		{C478B8E1-BBE7-4D1D-A702-DA37EE56C833}.Release|Any CPU.ActiveCfg = Release|Any CPU
		{C478B8E1-BBE7-4D1D-A702-DA37EE56C833}.Release|Any CPU.Build.0 = Release|Any CPU
		{83D3A670-8E57-48E0-97A3-6FD77B9DE048}.Debug|Any CPU.ActiveCfg = Debug|Any CPU
		{83D3A670-8E57-48E0-97A3-6FD77B9DE048}.Debug|Any CPU.Build.0 = Debug|Any CPU
		{83D3A670-8E57-48E0-97A3-6FD77B9DE048}.Release|Any CPU.ActiveCfg = Release|Any CPU
		{83D3A670-8E57-48E0-97A3-6FD77B9DE048}.Release|Any CPU.Build.0 = Release|Any CPU
		{5F5AA3CD-D544-4019-B3CD-DD630ACE25A1}.Debug|Any CPU.ActiveCfg = Debug|Any CPU
		{5F5AA3CD-D544-4019-B3CD-DD630ACE25A1}.Debug|Any CPU.Build.0 = Debug|Any CPU
		{5F5AA3CD-D544-4019-B3CD-DD630ACE25A1}.Release|Any CPU.ActiveCfg = Release|Any CPU
		{5F5AA3CD-D544-4019-B3CD-DD630ACE25A1}.Release|Any CPU.Build.0 = Release|Any CPU
	EndGlobalSection
	GlobalSection(SolutionProperties) = preSolution
		HideSolutionNode = FALSE
	EndGlobalSection
	GlobalSection(NestedProjects) = preSolution
		{75374467-1A6B-4CE3-ADBC-BE1433450A8E} = {57701643-9C11-4ACD-A44F-575FBC016FF2}
		{25C63401-90C2-408C-97EF-954D105789F7} = {57701643-9C11-4ACD-A44F-575FBC016FF2}
		{3DCF3133-92DC-4E4D-B41D-FDA14CDA248A} = {E085242B-0926-45C1-B0AD-D7C98912F266}
		{C478B8E1-BBE7-4D1D-A702-DA37EE56C833} = {CFCB13C4-AFF8-4EB4-8F71-EC5105C2380D}
		{83D3A670-8E57-48E0-97A3-6FD77B9DE048} = {CFCB13C4-AFF8-4EB4-8F71-EC5105C2380D}
		{5F5AA3CD-D544-4019-B3CD-DD630ACE25A1} = {1F5A6722-ECAE-4D5B-9003-669240049D17}
	EndGlobalSection
	GlobalSection(ExtensibilityGlobals) = postSolution
		SolutionGuid = {1BAE500F-9C34-4BC2-A9AB-2ED95552060E}
	EndGlobalSection
EndGlobal
